<?xml version="1.0" encoding="utf-8"?>
<Project ToolsVersion="4.0" xmlns="http://schemas.microsoft.com/developer/msbuild/2003">
  <ItemGroup>
    <ClInclude Include=".\src\errorlookup.h">
      <Filter>Header</Filter>
    </ClInclude>
    <ClInclude Include=".\src\resource.h">
      <Filter>Header</Filter>
    </ClInclude>
    <ClInclude Include=".\src\ini.h">
      <Filter>Header</Filter>
    </ClInclude>
    <ClInclude Include="src\about.h">
      <Filter>Header</Filter>
    </ClInclude>
    <ClInclude Include="src\extended.h">
      <Filter>Header</Filter>
    </ClInclude>
  </ItemGroup>
  <ItemGroup>
    <Filter Include="Header">
      <UniqueIdentifier>{30a8b65d-5c33-4884-a6b9-ef12b90c602a}</UniqueIdentifier>
    </Filter>
    <Filter Include="Resource">
      <UniqueIdentifier>{be770f1d-e7d3-4427-a92a-5da640434b9a}</UniqueIdentifier>
    </Filter>
    <Filter Include="Source">
      <UniqueIdentifier>{f690180a-c62f-479a-abfd-d49439802d21}</UniqueIdentifier>
    </Filter>
  </ItemGroup>
  <ItemGroup>
    <ClCompile Include=".\src\errorlookup.cpp">
      <Filter>Source</Filter>
    </ClCompile>
    <ClCompile Include="src\ini.cpp">
      <Filter>Source</Filter>
    </ClCompile>
    <ClCompile Include="src\maskededit.cpp">
      <Filter>Source</Filter>
    </ClCompile>
  </ItemGroup>
  <ItemGroup>
    <ResourceCompile Include=".\src\resource.rc">
      <Filter>Resource</Filter>
    </ResourceCompile>
  </ItemGroup>
</Project>